// !$*UTF8*$!
{
	archiveVersion = 1;
	classes = {
	};
	objectVersion = 45;
	objects = {

/* Begin PBXBuildFile section */
		1E105736119A6A5A008CC292 /* ezxml.c in Sources */ = {isa = PBXBuildFile; fileRef = 1E105734119A6A5A008CC292 /* ezxml.c */; };
		1E105737119A6A5A008CC292 /* ezxml.h in Headers */ = {isa = PBXBuildFile; fileRef = 1E105735119A6A5A008CC292 /* ezxml.h */; };
		1E10573A119A6AA4008CC292 /* waitress.c in Sources */ = {isa = PBXBuildFile; fileRef = 1E105738119A6AA4008CC292 /* waitress.c */; };
		1E10573B119A6AA4008CC292 /* waitress.h in Headers */ = {isa = PBXBuildFile; fileRef = 1E105739119A6AA4008CC292 /* waitress.h */; };
		1E105749119A6ABC008CC292 /* crypt_key_input.h in Headers */ = {isa = PBXBuildFile; fileRef = 1E105740119A6ABC008CC292 /* crypt_key_input.h */; };
		1E10574A119A6ABC008CC292 /* crypt_key_output.h in Headers */ = {isa = PBXBuildFile; fileRef = 1E105741119A6ABC008CC292 /* crypt_key_output.h */; };
		1E10574B119A6ABC008CC292 /* crypt.c in Sources */ = {isa = PBXBuildFile; fileRef = 1E105742119A6ABC008CC292 /* crypt.c */; };
		1E10574C119A6ABC008CC292 /* crypt.h in Headers */ = {isa = PBXBuildFile; fileRef = 1E105743119A6ABC008CC292 /* crypt.h */; };
		1E10574D119A6ABC008CC292 /* piano_private.h in Headers */ = {isa = PBXBuildFile; fileRef = 1E105744119A6ABC008CC292 /* piano_private.h */; };
		1E10574E119A6ABC008CC292 /* piano.c in Sources */ = {isa = PBXBuildFile; fileRef = 1E105745119A6ABC008CC292 /* piano.c */; };
		1E10574F119A6ABC008CC292 /* piano.h in Headers */ = {isa = PBXBuildFile; fileRef = 1E105746119A6ABC008CC292 /* piano.h */; };
		1E105750119A6ABC008CC292 /* xml.c in Sources */ = {isa = PBXBuildFile; fileRef = 1E105747119A6ABC008CC292 /* xml.c */; };
		1E105751119A6ABC008CC292 /* xml.h in Headers */ = {isa = PBXBuildFile; fileRef = 1E105748119A6ABC008CC292 /* xml.h */; };
		1E10575F119A6AD3008CC292 /* main.c in Sources */ = {isa = PBXBuildFile; fileRef = 1E105752119A6AD3008CC292 /* main.c */; };
		1E105761119A6AD3008CC292 /* settings.c in Sources */ = {isa = PBXBuildFile; fileRef = 1E105755119A6AD3008CC292 /* settings.c */; };
		1E105762119A6AD3008CC292 /* terminal.c in Sources */ = {isa = PBXBuildFile; fileRef = 1E105757119A6AD3008CC292 /* terminal.c */; };
		1E105763119A6AD3008CC292 /* ui_act.c in Sources */ = {isa = PBXBuildFile; fileRef = 1E105759119A6AD3008CC292 /* ui_act.c */; };
		1E105764119A6AD3008CC292 /* ui_readline.c in Sources */ = {isa = PBXBuildFile; fileRef = 1E10575B119A6AD3008CC292 /* ui_readline.c */; };
		1E105765119A6AD3008CC292 /* ui.c in Sources */ = {isa = PBXBuildFile; fileRef = 1E10575D119A6AD3008CC292 /* ui.c */; };
		1E10576C119A6BF8008CC292 /* libezxml.a in Frameworks */ = {isa = PBXBuildFile; fileRef = 1E10571B119A6A25008CC292 /* libezxml.a */; };
		1E10576D119A6BF8008CC292 /* libwaitress.a in Frameworks */ = {isa = PBXBuildFile; fileRef = 1E105722119A6A2D008CC292 /* libwaitress.a */; };
		1E10576E119A6BFF008CC292 /* libpiano.a in Frameworks */ = {isa = PBXBuildFile; fileRef = 1E105729119A6A33008CC292 /* libpiano.a */; };
		1E10577A119A6CD0008CC292 /* config.h in Headers */ = {isa = PBXBuildFile; fileRef = 1E105779119A6CD0008CC292 /* config.h */; };
		1E10577D119A6CF6008CC292 /* config.h in Headers */ = {isa = PBXBuildFile; fileRef = 1E10577B119A6CDE008CC292 /* config.h */; };
		1E1057E6119A7630008CC292 /* player_macosx.c in Sources */ = {isa = PBXBuildFile; fileRef = 1E1057E5119A7630008CC292 /* player_macosx.c */; };
		1E1057F0119A7938008CC292 /* CoreAudio.framework in Frameworks */ = {isa = PBXBuildFile; fileRef = 1E1057EF119A7938008CC292 /* CoreAudio.framework */; };
		1E1057F2119A7938008CC292 /* CoreFoundation.framework in Frameworks */ = {isa = PBXBuildFile; fileRef = 1E1057F1119A7938008CC292 /* CoreFoundation.framework */; };
		821DAC7D119B56F700078BBF /* mac_audio.c in Sources */ = {isa = PBXBuildFile; fileRef = 821DAC7C119B56F700078BBF /* mac_audio.c */; };
		821DAF8E119C63B300078BBF /* libpiano.a in Frameworks */ = {isa = PBXBuildFile; fileRef = 1E105729119A6A33008CC292 /* libpiano.a */; };
		821DAF93119C63D200078BBF /* player_macosx.h in Headers */ = {isa = PBXBuildFile; fileRef = 1E1057EE119A77FB008CC292 /* player_macosx.h */; settings = {ATTRIBUTES = (Public, ); }; };
		821DAF94119C63D200078BBF /* player_macosx.c in Sources */ = {isa = PBXBuildFile; fileRef = 1E1057E5119A7630008CC292 /* player_macosx.c */; };
		821DAF9F119C63D200078BBF /* mac_audio.h in Headers */ = {isa = PBXBuildFile; fileRef = 821DAC7B119B56F700078BBF /* mac_audio.h */; settings = {ATTRIBUTES = (Public, ); }; };
		821DAFA0119C63D200078BBF /* mac_audio.c in Sources */ = {isa = PBXBuildFile; fileRef = 821DAC7C119B56F700078BBF /* mac_audio.c */; };
		821DAFB4119C64AD00078BBF /* Foundation.framework in Frameworks */ = {isa = PBXBuildFile; fileRef = 82EFC524119B040B00D502A5 /* Foundation.framework */; };
		821DAFB5119C64B200078BBF /* AudioToolbox.framework in Frameworks */ = {isa = PBXBuildFile; fileRef = 82EFC559119B065E00D502A5 /* AudioToolbox.framework */; };
		821DAFF9119C660F00078BBF /* PPPianobarController.h in Headers */ = {isa = PBXBuildFile; fileRef = 821DAFF7119C660F00078BBF /* PPPianobarController.h */; settings = {ATTRIBUTES = (Public, ); }; };
		821DAFFA119C660F00078BBF /* PPPianobarController.m in Sources */ = {isa = PBXBuildFile; fileRef = 821DAFF8119C660F00078BBF /* PPPianobarController.m */; };
		821DB00D119C66CF00078BBF /* settings.h in Headers */ = {isa = PBXBuildFile; fileRef = 1E105756119A6AD3008CC292 /* settings.h */; settings = {ATTRIBUTES = (Public, ); }; };
		821DB00E119C66D100078BBF /* settings.c in Sources */ = {isa = PBXBuildFile; fileRef = 1E105755119A6AD3008CC292 /* settings.c */; };
		821DB033119C695700078BBF /* mac_piano.h in Headers */ = {isa = PBXBuildFile; fileRef = 821DB031119C695700078BBF /* mac_piano.h */; settings = {ATTRIBUTES = (Public, ); }; };
		821DB034119C695700078BBF /* mac_piano.c in Sources */ = {isa = PBXBuildFile; fileRef = 821DB032119C695700078BBF /* mac_piano.c */; };
		821DB03C119C69CC00078BBF /* ui_readline.c in Sources */ = {isa = PBXBuildFile; fileRef = 1E10575B119A6AD3008CC292 /* ui_readline.c */; };
		821DB03D119C69CF00078BBF /* ui_readline.h in Headers */ = {isa = PBXBuildFile; fileRef = 1E10575C119A6AD3008CC292 /* ui_readline.h */; settings = {ATTRIBUTES = (Public, ); }; };
		821DB102119C70FE00078BBF /* config.h in Headers */ = {isa = PBXBuildFile; fileRef = 1E10577B119A6CDE008CC292 /* config.h */; settings = {ATTRIBUTES = (Public, ); }; };
		821DB103119C70FE00078BBF /* crypt_key_input.h in Headers */ = {isa = PBXBuildFile; fileRef = 1E105740119A6ABC008CC292 /* crypt_key_input.h */; settings = {ATTRIBUTES = (Public, ); }; };
		821DB104119C70FE00078BBF /* crypt_key_output.h in Headers */ = {isa = PBXBuildFile; fileRef = 1E105741119A6ABC008CC292 /* crypt_key_output.h */; settings = {ATTRIBUTES = (Public, ); }; };
		821DB105119C70FE00078BBF /* crypt.h in Headers */ = {isa = PBXBuildFile; fileRef = 1E105743119A6ABC008CC292 /* crypt.h */; settings = {ATTRIBUTES = (Public, ); }; };
		821DB106119C70FE00078BBF /* piano_private.h in Headers */ = {isa = PBXBuildFile; fileRef = 1E105744119A6ABC008CC292 /* piano_private.h */; settings = {ATTRIBUTES = (Public, ); }; };
		821DB107119C70FE00078BBF /* piano.h in Headers */ = {isa = PBXBuildFile; fileRef = 1E105746119A6ABC008CC292 /* piano.h */; settings = {ATTRIBUTES = (Public, ); }; };
		821DB108119C70FE00078BBF /* xml.h in Headers */ = {isa = PBXBuildFile; fileRef = 1E105748119A6ABC008CC292 /* xml.h */; settings = {ATTRIBUTES = (Public, ); }; };
		821DB111119C713600078BBF /* waitress.h in Headers */ = {isa = PBXBuildFile; fileRef = 1E105739119A6AA4008CC292 /* waitress.h */; settings = {ATTRIBUTES = (Public, ); }; };
		82EFC525119B040B00D502A5 /* Foundation.framework in Frameworks */ = {isa = PBXBuildFile; fileRef = 82EFC524119B040B00D502A5 /* Foundation.framework */; };
		82EFC55A119B065E00D502A5 /* AudioToolbox.framework in Frameworks */ = {isa = PBXBuildFile; fileRef = 82EFC559119B065E00D502A5 /* AudioToolbox.framework */; };
		82EFC55F119B066B00D502A5 /* AudioUnit.framework in Frameworks */ = {isa = PBXBuildFile; fileRef = 82EFC543119B064E00D502A5 /* AudioUnit.framework */; };
		8DD76FB00486AB0100D96B5E /* pianobar.1 in CopyFiles */ = {isa = PBXBuildFile; fileRef = C6A0FF2C0290799A04C91782 /* pianobar.1 */; };
/* End PBXBuildFile section */

/* Begin PBXContainerItemProxy section */
		1E105768119A6BB7008CC292 /* PBXContainerItemProxy */ = {
			isa = PBXContainerItemProxy;
			containerPortal = 08FB7793FE84155DC02AAC07 /* Project object */;
			proxyType = 1;
			remoteGlobalIDString = 1E10571A119A6A25008CC292;
			remoteInfo = libezxml;
		};
		1E10576A119A6BB7008CC292 /* PBXContainerItemProxy */ = {
			isa = PBXContainerItemProxy;
			containerPortal = 08FB7793FE84155DC02AAC07 /* Project object */;
			proxyType = 1;
			remoteGlobalIDString = 1E105721119A6A2D008CC292;
			remoteInfo = libwaitress;
		};
		1E10576F119A6C12008CC292 /* PBXContainerItemProxy */ = {
			isa = PBXContainerItemProxy;
			containerPortal = 08FB7793FE84155DC02AAC07 /* Project object */;
			proxyType = 1;
			remoteGlobalIDString = 1E105728119A6A33008CC292;
			remoteInfo = libpiano;
		};
		821DAF8C119C63AF00078BBF /* PBXContainerItemProxy */ = {
			isa = PBXContainerItemProxy;
			containerPortal = 08FB7793FE84155DC02AAC07 /* Project object */;
			proxyType = 1;
			remoteGlobalIDString = 1E105728119A6A33008CC292;
			remoteInfo = libpiano;
		};
		821DB003119C66BD00078BBF /* PBXContainerItemProxy */ = {
			isa = PBXContainerItemProxy;
			containerPortal = 08FB7793FE84155DC02AAC07 /* Project object */;
			proxyType = 1;
			remoteGlobalIDString = 1E105721119A6A2D008CC292;
			remoteInfo = libwaitress;
		};
/* End PBXContainerItemProxy section */

/* Begin PBXCopyFilesBuildPhase section */
		8DD76FAF0486AB0100D96B5E /* CopyFiles */ = {
			isa = PBXCopyFilesBuildPhase;
			buildActionMask = 8;
			dstPath = /usr/share/man/man1/;
			dstSubfolderSpec = 0;
			files = (
				8DD76FB00486AB0100D96B5E /* pianobar.1 in CopyFiles */,
			);
			runOnlyForDeploymentPostprocessing = 1;
		};
/* End PBXCopyFilesBuildPhase section */

/* Begin PBXFileReference section */
		1E10571B119A6A25008CC292 /* libezxml.a */ = {isa = PBXFileReference; explicitFileType = archive.ar; includeInIndex = 0; path = libezxml.a; sourceTree = BUILT_PRODUCTS_DIR; };
		1E105722119A6A2D008CC292 /* libwaitress.a */ = {isa = PBXFileReference; explicitFileType = archive.ar; includeInIndex = 0; path = libwaitress.a; sourceTree = BUILT_PRODUCTS_DIR; };
		1E105729119A6A33008CC292 /* libpiano.a */ = {isa = PBXFileReference; explicitFileType = archive.ar; includeInIndex = 0; path = libpiano.a; sourceTree = BUILT_PRODUCTS_DIR; };
		1E105734119A6A5A008CC292 /* ezxml.c */ = {isa = PBXFileReference; fileEncoding = 4; lastKnownFileType = sourcecode.c.c; name = ezxml.c; path = src/ezxml.c; sourceTree = "<group>"; };
		1E105735119A6A5A008CC292 /* ezxml.h */ = {isa = PBXFileReference; fileEncoding = 4; lastKnownFileType = sourcecode.c.h; name = ezxml.h; path = src/ezxml.h; sourceTree = "<group>"; };
		1E105738119A6AA4008CC292 /* waitress.c */ = {isa = PBXFileReference; fileEncoding = 4; lastKnownFileType = sourcecode.c.c; name = waitress.c; path = src/waitress.c; sourceTree = "<group>"; };
		1E105739119A6AA4008CC292 /* waitress.h */ = {isa = PBXFileReference; fileEncoding = 4; lastKnownFileType = sourcecode.c.h; name = waitress.h; path = src/waitress.h; sourceTree = "<group>"; };
		1E105740119A6ABC008CC292 /* crypt_key_input.h */ = {isa = PBXFileReference; fileEncoding = 4; lastKnownFileType = sourcecode.c.h; name = crypt_key_input.h; path = src/crypt_key_input.h; sourceTree = "<group>"; };
		1E105741119A6ABC008CC292 /* crypt_key_output.h */ = {isa = PBXFileReference; fileEncoding = 4; lastKnownFileType = sourcecode.c.h; name = crypt_key_output.h; path = src/crypt_key_output.h; sourceTree = "<group>"; };
		1E105742119A6ABC008CC292 /* crypt.c */ = {isa = PBXFileReference; fileEncoding = 4; lastKnownFileType = sourcecode.c.c; name = crypt.c; path = src/crypt.c; sourceTree = "<group>"; };
		1E105743119A6ABC008CC292 /* crypt.h */ = {isa = PBXFileReference; fileEncoding = 4; lastKnownFileType = sourcecode.c.h; name = crypt.h; path = src/crypt.h; sourceTree = "<group>"; };
		1E105744119A6ABC008CC292 /* piano_private.h */ = {isa = PBXFileReference; fileEncoding = 4; lastKnownFileType = sourcecode.c.h; name = piano_private.h; path = src/piano_private.h; sourceTree = "<group>"; };
		1E105745119A6ABC008CC292 /* piano.c */ = {isa = PBXFileReference; fileEncoding = 4; lastKnownFileType = sourcecode.c.c; name = piano.c; path = src/piano.c; sourceTree = "<group>"; };
		1E105746119A6ABC008CC292 /* piano.h */ = {isa = PBXFileReference; fileEncoding = 4; lastKnownFileType = sourcecode.c.h; name = piano.h; path = src/piano.h; sourceTree = "<group>"; };
		1E105747119A6ABC008CC292 /* xml.c */ = {isa = PBXFileReference; fileEncoding = 4; lastKnownFileType = sourcecode.c.c; name = xml.c; path = src/xml.c; sourceTree = "<group>"; };
		1E105748119A6ABC008CC292 /* xml.h */ = {isa = PBXFileReference; fileEncoding = 4; lastKnownFileType = sourcecode.c.h; name = xml.h; path = src/xml.h; sourceTree = "<group>"; };
		1E105752119A6AD3008CC292 /* main.c */ = {isa = PBXFileReference; fileEncoding = 4; lastKnownFileType = sourcecode.c.c; path = main.c; sourceTree = "<group>"; };
		1E105753119A6AD3008CC292 /* player.c */ = {isa = PBXFileReference; fileEncoding = 4; lastKnownFileType = sourcecode.c.c; path = player.c; sourceTree = "<group>"; };
		1E105754119A6AD3008CC292 /* player.h */ = {isa = PBXFileReference; fileEncoding = 4; lastKnownFileType = sourcecode.c.h; path = player.h; sourceTree = "<group>"; };
		1E105755119A6AD3008CC292 /* settings.c */ = {isa = PBXFileReference; fileEncoding = 4; lastKnownFileType = sourcecode.c.c; path = settings.c; sourceTree = "<group>"; };
		1E105756119A6AD3008CC292 /* settings.h */ = {isa = PBXFileReference; fileEncoding = 4; lastKnownFileType = sourcecode.c.h; path = settings.h; sourceTree = "<group>"; };
		1E105757119A6AD3008CC292 /* terminal.c */ = {isa = PBXFileReference; fileEncoding = 4; lastKnownFileType = sourcecode.c.c; path = terminal.c; sourceTree = "<group>"; };
		1E105758119A6AD3008CC292 /* terminal.h */ = {isa = PBXFileReference; fileEncoding = 4; lastKnownFileType = sourcecode.c.h; path = terminal.h; sourceTree = "<group>"; };
		1E105759119A6AD3008CC292 /* ui_act.c */ = {isa = PBXFileReference; fileEncoding = 4; lastKnownFileType = sourcecode.c.c; path = ui_act.c; sourceTree = "<group>"; };
		1E10575A119A6AD3008CC292 /* ui_act.h */ = {isa = PBXFileReference; fileEncoding = 4; lastKnownFileType = sourcecode.c.h; path = ui_act.h; sourceTree = "<group>"; };
		1E10575B119A6AD3008CC292 /* ui_readline.c */ = {isa = PBXFileReference; fileEncoding = 4; lastKnownFileType = sourcecode.c.c; path = ui_readline.c; sourceTree = "<group>"; };
		1E10575C119A6AD3008CC292 /* ui_readline.h */ = {isa = PBXFileReference; fileEncoding = 4; lastKnownFileType = sourcecode.c.h; path = ui_readline.h; sourceTree = "<group>"; };
		1E10575D119A6AD3008CC292 /* ui.c */ = {isa = PBXFileReference; fileEncoding = 4; lastKnownFileType = sourcecode.c.c; path = ui.c; sourceTree = "<group>"; };
		1E10575E119A6AD3008CC292 /* ui.h */ = {isa = PBXFileReference; fileEncoding = 4; lastKnownFileType = sourcecode.c.h; path = ui.h; sourceTree = "<group>"; };
		1E105779119A6CD0008CC292 /* config.h */ = {isa = PBXFileReference; fileEncoding = 4; lastKnownFileType = sourcecode.c.h; name = config.h; path = src/config.h; sourceTree = "<group>"; };
		1E10577B119A6CDE008CC292 /* config.h */ = {isa = PBXFileReference; fileEncoding = 4; lastKnownFileType = sourcecode.c.h; name = config.h; path = src/config.h; sourceTree = "<group>"; };
		1E10578A119A6D45008CC292 /* config.h */ = {isa = PBXFileReference; fileEncoding = 4; lastKnownFileType = sourcecode.c.h; path = config.h; sourceTree = "<group>"; };
		1E1057E5119A7630008CC292 /* player_macosx.c */ = {isa = PBXFileReference; fileEncoding = 4; lastKnownFileType = sourcecode.c.c; path = player_macosx.c; sourceTree = "<group>"; };
		1E1057EE119A77FB008CC292 /* player_macosx.h */ = {isa = PBXFileReference; fileEncoding = 4; lastKnownFileType = sourcecode.c.h; path = player_macosx.h; sourceTree = "<group>"; };
		1E1057EF119A7938008CC292 /* CoreAudio.framework */ = {isa = PBXFileReference; lastKnownFileType = wrapper.framework; name = CoreAudio.framework; path = System/Library/Frameworks/CoreAudio.framework; sourceTree = SDKROOT; };
		1E1057F1119A7938008CC292 /* CoreFoundation.framework */ = {isa = PBXFileReference; lastKnownFileType = wrapper.framework; name = CoreFoundation.framework; path = System/Library/Frameworks/CoreFoundation.framework; sourceTree = SDKROOT; };
		821DAC7B119B56F700078BBF /* mac_audio.h */ = {isa = PBXFileReference; fileEncoding = 4; lastKnownFileType = sourcecode.c.h; path = mac_audio.h; sourceTree = "<group>"; };
		821DAC7C119B56F700078BBF /* mac_audio.c */ = {isa = PBXFileReference; fileEncoding = 4; lastKnownFileType = sourcecode.c.c; path = mac_audio.c; sourceTree = "<group>"; };
		821DAF78119C636000078BBF /* PianoBar.framework */ = {isa = PBXFileReference; explicitFileType = wrapper.framework; includeInIndex = 0; path = PianoBar.framework; sourceTree = BUILT_PRODUCTS_DIR; };
		821DAF79119C636000078BBF /* PianoBarFramework-Info.plist */ = {isa = PBXFileReference; lastKnownFileType = text.plist.xml; path = "PianoBarFramework-Info.plist"; sourceTree = "<group>"; };
		821DAFF7119C660F00078BBF /* PPPianobarController.h */ = {isa = PBXFileReference; fileEncoding = 4; lastKnownFileType = sourcecode.c.h; path = PPPianobarController.h; sourceTree = "<group>"; };
		821DAFF8119C660F00078BBF /* PPPianobarController.m */ = {isa = PBXFileReference; fileEncoding = 4; lastKnownFileType = sourcecode.c.objc; path = PPPianobarController.m; sourceTree = "<group>"; };
		821DB031119C695700078BBF /* mac_piano.h */ = {isa = PBXFileReference; fileEncoding = 4; lastKnownFileType = sourcecode.c.h; path = mac_piano.h; sourceTree = "<group>"; };
		821DB032119C695700078BBF /* mac_piano.c */ = {isa = PBXFileReference; fileEncoding = 4; lastKnownFileType = sourcecode.c.c; path = mac_piano.c; sourceTree = "<group>"; };
		82EFC524119B040B00D502A5 /* Foundation.framework */ = {isa = PBXFileReference; lastKnownFileType = wrapper.framework; name = Foundation.framework; path = System/Library/Frameworks/Foundation.framework; sourceTree = SDKROOT; };
		82EFC543119B064E00D502A5 /* AudioUnit.framework */ = {isa = PBXFileReference; lastKnownFileType = wrapper.framework; name = AudioUnit.framework; path = System/Library/Frameworks/AudioUnit.framework; sourceTree = SDKROOT; };
		82EFC559119B065E00D502A5 /* AudioToolbox.framework */ = {isa = PBXFileReference; lastKnownFileType = wrapper.framework; name = AudioToolbox.framework; path = System/Library/Frameworks/AudioToolbox.framework; sourceTree = SDKROOT; };
		8DD76FB20486AB0100D96B5E /* pianobar */ = {isa = PBXFileReference; explicitFileType = "compiled.mach-o.executable"; includeInIndex = 0; path = pianobar; sourceTree = BUILT_PRODUCTS_DIR; };
		C6A0FF2C0290799A04C91782 /* pianobar.1 */ = {isa = PBXFileReference; lastKnownFileType = text.man; path = pianobar.1; sourceTree = "<group>"; };
/* End PBXFileReference section */

/* Begin PBXFrameworksBuildPhase section */
		1E105719119A6A25008CC292 /* Frameworks */ = {
			isa = PBXFrameworksBuildPhase;
			buildActionMask = 2147483647;
			files = (
			);
			runOnlyForDeploymentPostprocessing = 0;
		};
		1E105720119A6A2D008CC292 /* Frameworks */ = {
			isa = PBXFrameworksBuildPhase;
			buildActionMask = 2147483647;
			files = (
			);
			runOnlyForDeploymentPostprocessing = 0;
		};
		1E105727119A6A33008CC292 /* Frameworks */ = {
			isa = PBXFrameworksBuildPhase;
			buildActionMask = 2147483647;
			files = (
				1E10576C119A6BF8008CC292 /* libezxml.a in Frameworks */,
				1E10576D119A6BF8008CC292 /* libwaitress.a in Frameworks */,
			);
			runOnlyForDeploymentPostprocessing = 0;
		};
		821DAF76119C636000078BBF /* Frameworks */ = {
			isa = PBXFrameworksBuildPhase;
			buildActionMask = 2147483647;
			files = (
				821DAF8E119C63B300078BBF /* libpiano.a in Frameworks */,
				821DAFB4119C64AD00078BBF /* Foundation.framework in Frameworks */,
				821DAFB5119C64B200078BBF /* AudioToolbox.framework in Frameworks */,
			);
			runOnlyForDeploymentPostprocessing = 0;
		};
		8DD76FAD0486AB0100D96B5E /* Frameworks */ = {
			isa = PBXFrameworksBuildPhase;
			buildActionMask = 2147483647;
			files = (
				1E10576E119A6BFF008CC292 /* libpiano.a in Frameworks */,
				1E1057F0119A7938008CC292 /* CoreAudio.framework in Frameworks */,
				1E1057F2119A7938008CC292 /* CoreFoundation.framework in Frameworks */,
				82EFC525119B040B00D502A5 /* Foundation.framework in Frameworks */,
				82EFC55A119B065E00D502A5 /* AudioToolbox.framework in Frameworks */,
				82EFC55F119B066B00D502A5 /* AudioUnit.framework in Frameworks */,
			);
			runOnlyForDeploymentPostprocessing = 0;
		};
/* End PBXFrameworksBuildPhase section */

/* Begin PBXGroup section */
		08FB7794FE84155DC02AAC07 /* pianobar */ = {
			isa = PBXGroup;
			children = (
				08FB7795FE84155DC02AAC07 /* Source */,
				C6A0FF2B0290797F04C91782 /* Documentation */,
				1AB674ADFE9D54B511CA2CBB /* Products */,
				1E1057EF119A7938008CC292 /* CoreAudio.framework */,
				1E1057F1119A7938008CC292 /* CoreFoundation.framework */,
				82EFC524119B040B00D502A5 /* Foundation.framework */,
				82EFC543119B064E00D502A5 /* AudioUnit.framework */,
				82EFC559119B065E00D502A5 /* AudioToolbox.framework */,
				821DAF79119C636000078BBF /* PianoBarFramework-Info.plist */,
			);
			name = pianobar;
			sourceTree = "<group>";
		};
		08FB7795FE84155DC02AAC07 /* Source */ = {
			isa = PBXGroup;
			children = (
				821DAFF6119C65FF00078BBF /* framework */,
				1E10570E119A69D5008CC292 /* libezxml */,
				1E105710119A69E3008CC292 /* libwaitress */,
				1E10570F119A69DF008CC292 /* libpiano */,
				1E105711119A69E8008CC292 /* pianobar */,
			);
			name = Source;
			sourceTree = "<group>";
		};
		1AB674ADFE9D54B511CA2CBB /* Products */ = {
			isa = PBXGroup;
			children = (
				8DD76FB20486AB0100D96B5E /* pianobar */,
				1E10571B119A6A25008CC292 /* libezxml.a */,
				1E105722119A6A2D008CC292 /* libwaitress.a */,
				1E105729119A6A33008CC292 /* libpiano.a */,
				821DAF78119C636000078BBF /* PianoBar.framework */,
			);
			name = Products;
			sourceTree = "<group>";
		};
		1E10570E119A69D5008CC292 /* libezxml */ = {
			isa = PBXGroup;
			children = (
				1E105734119A6A5A008CC292 /* ezxml.c */,
				1E105735119A6A5A008CC292 /* ezxml.h */,
			);
			path = libezxml;
			sourceTree = "<group>";
		};
		1E10570F119A69DF008CC292 /* libpiano */ = {
			isa = PBXGroup;
			children = (
				1E10577B119A6CDE008CC292 /* config.h */,
				1E105740119A6ABC008CC292 /* crypt_key_input.h */,
				1E105741119A6ABC008CC292 /* crypt_key_output.h */,
				1E105742119A6ABC008CC292 /* crypt.c */,
				1E105743119A6ABC008CC292 /* crypt.h */,
				1E105744119A6ABC008CC292 /* piano_private.h */,
				1E105745119A6ABC008CC292 /* piano.c */,
				1E105746119A6ABC008CC292 /* piano.h */,
				1E105747119A6ABC008CC292 /* xml.c */,
				1E105748119A6ABC008CC292 /* xml.h */,
			);
			path = libpiano;
			sourceTree = "<group>";
		};
		1E105710119A69E3008CC292 /* libwaitress */ = {
			isa = PBXGroup;
			children = (
				1E105779119A6CD0008CC292 /* config.h */,
				1E105738119A6AA4008CC292 /* waitress.c */,
				1E105739119A6AA4008CC292 /* waitress.h */,
			);
			path = libwaitress;
			sourceTree = "<group>";
		};
		1E105711119A69E8008CC292 /* pianobar */ = {
			isa = PBXGroup;
			children = (
				1E10578A119A6D45008CC292 /* config.h */,
				1E105752119A6AD3008CC292 /* main.c */,
				1E105754119A6AD3008CC292 /* player.h */,
				1E105753119A6AD3008CC292 /* player.c */,
				1E1057EE119A77FB008CC292 /* player_macosx.h */,
				1E1057E5119A7630008CC292 /* player_macosx.c */,
				1E105755119A6AD3008CC292 /* settings.c */,
				1E105756119A6AD3008CC292 /* settings.h */,
				1E105757119A6AD3008CC292 /* terminal.c */,
				1E105758119A6AD3008CC292 /* terminal.h */,
				1E105759119A6AD3008CC292 /* ui_act.c */,
				1E10575A119A6AD3008CC292 /* ui_act.h */,
				1E10575B119A6AD3008CC292 /* ui_readline.c */,
				1E10575C119A6AD3008CC292 /* ui_readline.h */,
				1E10575D119A6AD3008CC292 /* ui.c */,
				1E10575E119A6AD3008CC292 /* ui.h */,
				821DAC7B119B56F700078BBF /* mac_audio.h */,
				821DAC7C119B56F700078BBF /* mac_audio.c */,
				821DB031119C695700078BBF /* mac_piano.h */,
				821DB032119C695700078BBF /* mac_piano.c */,
			);
			name = pianobar;
			path = src;
			sourceTree = "<group>";
		};
		821DAFF6119C65FF00078BBF /* framework */ = {
			isa = PBXGroup;
			children = (
				821DAFF7119C660F00078BBF /* PPPianobarController.h */,
				821DAFF8119C660F00078BBF /* PPPianobarController.m */,
			);
			name = framework;
			sourceTree = "<group>";
		};
		C6A0FF2B0290797F04C91782 /* Documentation */ = {
			isa = PBXGroup;
			children = (
				C6A0FF2C0290799A04C91782 /* pianobar.1 */,
			);
			name = Documentation;
			sourceTree = "<group>";
		};
/* End PBXGroup section */

/* Begin PBXHeadersBuildPhase section */
		1E105717119A6A25008CC292 /* Headers */ = {
			isa = PBXHeadersBuildPhase;
			buildActionMask = 2147483647;
			files = (
				1E105737119A6A5A008CC292 /* ezxml.h in Headers */,
			);
			runOnlyForDeploymentPostprocessing = 0;
		};
		1E10571E119A6A2D008CC292 /* Headers */ = {
			isa = PBXHeadersBuildPhase;
			buildActionMask = 2147483647;
			files = (
				1E10573B119A6AA4008CC292 /* waitress.h in Headers */,
				1E10577A119A6CD0008CC292 /* config.h in Headers */,
			);
			runOnlyForDeploymentPostprocessing = 0;
		};
		1E105725119A6A33008CC292 /* Headers */ = {
			isa = PBXHeadersBuildPhase;
			buildActionMask = 2147483647;
			files = (
				1E10577D119A6CF6008CC292 /* config.h in Headers */,
				1E105749119A6ABC008CC292 /* crypt_key_input.h in Headers */,
				1E10574A119A6ABC008CC292 /* crypt_key_output.h in Headers */,
				1E10574C119A6ABC008CC292 /* crypt.h in Headers */,
				1E10574D119A6ABC008CC292 /* piano_private.h in Headers */,
				1E10574F119A6ABC008CC292 /* piano.h in Headers */,
				1E105751119A6ABC008CC292 /* xml.h in Headers */,
			);
			runOnlyForDeploymentPostprocessing = 0;
		};
		821DAF73119C636000078BBF /* Headers */ = {
			isa = PBXHeadersBuildPhase;
			buildActionMask = 2147483647;
			files = (
				821DB111119C713600078BBF /* waitress.h in Headers */,
				821DB102119C70FE00078BBF /* config.h in Headers */,
				821DB103119C70FE00078BBF /* crypt_key_input.h in Headers */,
				821DB104119C70FE00078BBF /* crypt_key_output.h in Headers */,
				821DB105119C70FE00078BBF /* crypt.h in Headers */,
				821DB106119C70FE00078BBF /* piano_private.h in Headers */,
				821DB107119C70FE00078BBF /* piano.h in Headers */,
				821DB108119C70FE00078BBF /* xml.h in Headers */,
				821DAF93119C63D200078BBF /* player_macosx.h in Headers */,
				821DAF9F119C63D200078BBF /* mac_audio.h in Headers */,
				821DAFF9119C660F00078BBF /* PPPianobarController.h in Headers */,
				821DB00D119C66CF00078BBF /* settings.h in Headers */,
				821DB033119C695700078BBF /* mac_piano.h in Headers */,
				821DB03D119C69CF00078BBF /* ui_readline.h in Headers */,
			);
			runOnlyForDeploymentPostprocessing = 0;
		};
/* End PBXHeadersBuildPhase section */

/* Begin PBXNativeTarget section */
		1E10571A119A6A25008CC292 /* libezxml */ = {
			isa = PBXNativeTarget;
			buildConfigurationList = 1E105731119A6A45008CC292 /* Build configuration list for PBXNativeTarget "libezxml" */;
			buildPhases = (
				1E105717119A6A25008CC292 /* Headers */,
				1E105718119A6A25008CC292 /* Sources */,
				1E105719119A6A25008CC292 /* Frameworks */,
			);
			buildRules = (
			);
			dependencies = (
			);
			name = libezxml;
			productName = libezxml;
			productReference = 1E10571B119A6A25008CC292 /* libezxml.a */;
			productType = "com.apple.product-type.library.static";
		};
		1E105721119A6A2D008CC292 /* libwaitress */ = {
			isa = PBXNativeTarget;
			buildConfigurationList = 1E105732119A6A45008CC292 /* Build configuration list for PBXNativeTarget "libwaitress" */;
			buildPhases = (
				1E10571E119A6A2D008CC292 /* Headers */,
				1E10571F119A6A2D008CC292 /* Sources */,
				1E105720119A6A2D008CC292 /* Frameworks */,
			);
			buildRules = (
			);
			dependencies = (
			);
			name = libwaitress;
			productName = libwaitress;
			productReference = 1E105722119A6A2D008CC292 /* libwaitress.a */;
			productType = "com.apple.product-type.library.static";
		};
		1E105728119A6A33008CC292 /* libpiano */ = {
			isa = PBXNativeTarget;
			buildConfigurationList = 1E105733119A6A45008CC292 /* Build configuration list for PBXNativeTarget "libpiano" */;
			buildPhases = (
				1E105725119A6A33008CC292 /* Headers */,
				1E105726119A6A33008CC292 /* Sources */,
				1E105727119A6A33008CC292 /* Frameworks */,
			);
			buildRules = (
			);
			dependencies = (
				1E105769119A6BB7008CC292 /* PBXTargetDependency */,
				1E10576B119A6BB7008CC292 /* PBXTargetDependency */,
			);
			name = libpiano;
			productName = libpiano;
			productReference = 1E105729119A6A33008CC292 /* libpiano.a */;
			productType = "com.apple.product-type.library.static";
		};
		821DAF77119C636000078BBF /* PianoBarFramework */ = {
			isa = PBXNativeTarget;
			buildConfigurationList = 821DAF7F119C636000078BBF /* Build configuration list for PBXNativeTarget "PianoBarFramework" */;
			buildPhases = (
				821DAF73119C636000078BBF /* Headers */,
				821DAF74119C636000078BBF /* Resources */,
				821DAF75119C636000078BBF /* Sources */,
				821DAF76119C636000078BBF /* Frameworks */,
			);
			buildRules = (
			);
			dependencies = (
				821DAF8D119C63AF00078BBF /* PBXTargetDependency */,
				821DB004119C66BD00078BBF /* PBXTargetDependency */,
			);
			name = PianoBarFramework;
			productName = PianoBarFramework;
			productReference = 821DAF78119C636000078BBF /* PianoBar.framework */;
			productType = "com.apple.product-type.framework";
		};
		8DD76FA90486AB0100D96B5E /* pianobar */ = {
			isa = PBXNativeTarget;
			buildConfigurationList = 1DEB928508733DD80010E9CD /* Build configuration list for PBXNativeTarget "pianobar" */;
			buildPhases = (
				8DD76FAB0486AB0100D96B5E /* Sources */,
				8DD76FAD0486AB0100D96B5E /* Frameworks */,
				8DD76FAF0486AB0100D96B5E /* CopyFiles */,
			);
			buildRules = (
			);
			dependencies = (
				1E105770119A6C12008CC292 /* PBXTargetDependency */,
			);
			name = pianobar;
			productInstallPath = "$(HOME)/bin";
			productName = pianobar;
			productReference = 8DD76FB20486AB0100D96B5E /* pianobar */;
			productType = "com.apple.product-type.tool";
		};
/* End PBXNativeTarget section */

/* Begin PBXProject section */
		08FB7793FE84155DC02AAC07 /* Project object */ = {
			isa = PBXProject;
			buildConfigurationList = 1DEB928908733DD80010E9CD /* Build configuration list for PBXProject "pianobar" */;
			compatibilityVersion = "Xcode 3.1";
			hasScannedForEncodings = 1;
			mainGroup = 08FB7794FE84155DC02AAC07 /* pianobar */;
			projectDirPath = "";
			projectRoot = "";
			targets = (
				1E10571A119A6A25008CC292 /* libezxml */,
				1E105721119A6A2D008CC292 /* libwaitress */,
				1E105728119A6A33008CC292 /* libpiano */,
				8DD76FA90486AB0100D96B5E /* pianobar */,
				821DAF77119C636000078BBF /* PianoBarFramework */,
			);
		};
/* End PBXProject section */

/* Begin PBXResourcesBuildPhase section */
		821DAF74119C636000078BBF /* Resources */ = {
			isa = PBXResourcesBuildPhase;
			buildActionMask = 2147483647;
			files = (
			);
			runOnlyForDeploymentPostprocessing = 0;
		};
/* End PBXResourcesBuildPhase section */

/* Begin PBXSourcesBuildPhase section */
		1E105718119A6A25008CC292 /* Sources */ = {
			isa = PBXSourcesBuildPhase;
			buildActionMask = 2147483647;
			files = (
				1E105736119A6A5A008CC292 /* ezxml.c in Sources */,
			);
			runOnlyForDeploymentPostprocessing = 0;
		};
		1E10571F119A6A2D008CC292 /* Sources */ = {
			isa = PBXSourcesBuildPhase;
			buildActionMask = 2147483647;
			files = (
				1E10573A119A6AA4008CC292 /* waitress.c in Sources */,
			);
			runOnlyForDeploymentPostprocessing = 0;
		};
		1E105726119A6A33008CC292 /* Sources */ = {
			isa = PBXSourcesBuildPhase;
			buildActionMask = 2147483647;
			files = (
				1E10574B119A6ABC008CC292 /* crypt.c in Sources */,
				1E10574E119A6ABC008CC292 /* piano.c in Sources */,
				1E105750119A6ABC008CC292 /* xml.c in Sources */,
			);
			runOnlyForDeploymentPostprocessing = 0;
		};
		821DAF75119C636000078BBF /* Sources */ = {
			isa = PBXSourcesBuildPhase;
			buildActionMask = 2147483647;
			files = (
				821DAF94119C63D200078BBF /* player_macosx.c in Sources */,
				821DAFA0119C63D200078BBF /* mac_audio.c in Sources */,
				821DAFFA119C660F00078BBF /* PPPianobarController.m in Sources */,
				821DB00E119C66D100078BBF /* settings.c in Sources */,
				821DB034119C695700078BBF /* mac_piano.c in Sources */,
				821DB03C119C69CC00078BBF /* ui_readline.c in Sources */,
			);
			runOnlyForDeploymentPostprocessing = 0;
		};
		8DD76FAB0486AB0100D96B5E /* Sources */ = {
			isa = PBXSourcesBuildPhase;
			buildActionMask = 2147483647;
			files = (
				1E10575F119A6AD3008CC292 /* main.c in Sources */,
				1E105761119A6AD3008CC292 /* settings.c in Sources */,
				1E105762119A6AD3008CC292 /* terminal.c in Sources */,
				1E105763119A6AD3008CC292 /* ui_act.c in Sources */,
				1E105764119A6AD3008CC292 /* ui_readline.c in Sources */,
				1E105765119A6AD3008CC292 /* ui.c in Sources */,
				1E1057E6119A7630008CC292 /* player_macosx.c in Sources */,
				821DAC7D119B56F700078BBF /* mac_audio.c in Sources */,
			);
			runOnlyForDeploymentPostprocessing = 0;
		};
/* End PBXSourcesBuildPhase section */

/* Begin PBXTargetDependency section */
		1E105769119A6BB7008CC292 /* PBXTargetDependency */ = {
			isa = PBXTargetDependency;
			target = 1E10571A119A6A25008CC292 /* libezxml */;
			targetProxy = 1E105768119A6BB7008CC292 /* PBXContainerItemProxy */;
		};
		1E10576B119A6BB7008CC292 /* PBXTargetDependency */ = {
			isa = PBXTargetDependency;
			target = 1E105721119A6A2D008CC292 /* libwaitress */;
			targetProxy = 1E10576A119A6BB7008CC292 /* PBXContainerItemProxy */;
		};
		1E105770119A6C12008CC292 /* PBXTargetDependency */ = {
			isa = PBXTargetDependency;
			target = 1E105728119A6A33008CC292 /* libpiano */;
			targetProxy = 1E10576F119A6C12008CC292 /* PBXContainerItemProxy */;
		};
		821DAF8D119C63AF00078BBF /* PBXTargetDependency */ = {
			isa = PBXTargetDependency;
			target = 1E105728119A6A33008CC292 /* libpiano */;
			targetProxy = 821DAF8C119C63AF00078BBF /* PBXContainerItemProxy */;
		};
		821DB004119C66BD00078BBF /* PBXTargetDependency */ = {
			isa = PBXTargetDependency;
			target = 1E105721119A6A2D008CC292 /* libwaitress */;
			targetProxy = 821DB003119C66BD00078BBF /* PBXContainerItemProxy */;
		};
/* End PBXTargetDependency section */

/* Begin XCBuildConfiguration section */
		1DEB928608733DD80010E9CD /* Debug */ = {
			isa = XCBuildConfiguration;
			buildSettings = {
				ALWAYS_SEARCH_USER_PATHS = NO;
				COPY_PHASE_STRIP = NO;
				GCC_DYNAMIC_NO_PIC = NO;
				GCC_ENABLE_FIX_AND_CONTINUE = YES;
				GCC_MODEL_TUNING = G5;
				GCC_OPTIMIZATION_LEVEL = 0;
				HEADER_SEARCH_PATHS = (
					"$(AUDIO_DEPS_DIR)/include",
					"$(SRCROOT)/libwaitress/src",
					"$(SRCROOT)/libpiano/src",
					"$(SRCROOT)/libmad-0.15.1b",
					"$(SRCROOT)/faad2-2.7/include",
					"$(SRCROOT)/libao-1.0.0/include",
				);
				INSTALL_PATH = /usr/local/bin;
				LIBRARY_SEARCH_PATHS = (
					"$(inherited)",
					"\"$(SRCROOT)\"",
				);
				PRODUCT_NAME = pianobar;
			};
			name = Debug;
		};
		1DEB928708733DD80010E9CD /* Release */ = {
			isa = XCBuildConfiguration;
			buildSettings = {
				ALWAYS_SEARCH_USER_PATHS = NO;
				DEBUG_INFORMATION_FORMAT = "dwarf-with-dsym";
				GCC_MODEL_TUNING = G5;
				HEADER_SEARCH_PATHS = (
					"$(AUDIO_DEPS_DIR)/include",
					"$(SRCROOT)/libwaitress/src",
					"$(SRCROOT)/libpiano/src",
				);
				INSTALL_PATH = /usr/local/bin;
				LIBRARY_SEARCH_PATHS = (
					"$(inherited)",
					"\"$(SRCROOT)\"",
				);
				PRODUCT_NAME = pianobar;
			};
			name = Release;
		};
		1DEB928A08733DD80010E9CD /* Debug */ = {
			isa = XCBuildConfiguration;
			buildSettings = {
				ARCHS = "$(ARCHS_STANDARD_32_64_BIT)";
				AUDIO_DEPS_DIR = $HOME/Programs;
				GCC_C_LANGUAGE_STANDARD = gnu99;
				GCC_OPTIMIZATION_LEVEL = 0;
				GCC_WARN_ABOUT_RETURN_TYPE = YES;
				GCC_WARN_UNUSED_VARIABLE = YES;
				ONLY_ACTIVE_ARCH = YES;
				PREBINDING = NO;
				SDKROOT = macosx10.6;
			};
			name = Debug;
		};
		1DEB928B08733DD80010E9CD /* Release */ = {
			isa = XCBuildConfiguration;
			buildSettings = {
				ARCHS = "$(ARCHS_STANDARD_32_64_BIT)";
				AUDIO_DEPS_DIR = $HOME/Programs;
				GCC_C_LANGUAGE_STANDARD = gnu99;
				GCC_WARN_ABOUT_RETURN_TYPE = YES;
				GCC_WARN_UNUSED_VARIABLE = YES;
				PREBINDING = NO;
				SDKROOT = macosx10.6;
			};
			name = Release;
		};
		1E10571C119A6A25008CC292 /* Debug */ = {
			isa = XCBuildConfiguration;
			buildSettings = {
				ALWAYS_SEARCH_USER_PATHS = NO;
				COPY_PHASE_STRIP = NO;
				GCC_DYNAMIC_NO_PIC = NO;
				GCC_ENABLE_FIX_AND_CONTINUE = YES;
				GCC_MODEL_TUNING = G5;
				GCC_OPTIMIZATION_LEVEL = 0;
				INSTALL_PATH = /usr/local/lib;
				PREBINDING = NO;
				PRODUCT_NAME = ezxml;
			};
			name = Debug;
		};
		1E10571D119A6A25008CC292 /* Release */ = {
			isa = XCBuildConfiguration;
			buildSettings = {
				ALWAYS_SEARCH_USER_PATHS = NO;
				COPY_PHASE_STRIP = YES;
				DEBUG_INFORMATION_FORMAT = "dwarf-with-dsym";
				GCC_ENABLE_FIX_AND_CONTINUE = NO;
				GCC_MODEL_TUNING = G5;
				INSTALL_PATH = /usr/local/lib;
				PREBINDING = NO;
				PRODUCT_NAME = ezxml;
				ZERO_LINK = NO;
			};
			name = Release;
		};
		1E105723119A6A2E008CC292 /* Debug */ = {
			isa = XCBuildConfiguration;
			buildSettings = {
				ALWAYS_SEARCH_USER_PATHS = NO;
				COPY_PHASE_STRIP = NO;
				GCC_DYNAMIC_NO_PIC = NO;
				GCC_ENABLE_FIX_AND_CONTINUE = YES;
				GCC_MODEL_TUNING = G5;
				GCC_OPTIMIZATION_LEVEL = 0;
				INSTALL_PATH = /usr/local/lib;
				PREBINDING = NO;
				PRODUCT_NAME = waitress;
			};
			name = Debug;
		};
		1E105724119A6A2E008CC292 /* Release */ = {
			isa = XCBuildConfiguration;
			buildSettings = {
				ALWAYS_SEARCH_USER_PATHS = NO;
				COPY_PHASE_STRIP = YES;
				DEBUG_INFORMATION_FORMAT = "dwarf-with-dsym";
				GCC_ENABLE_FIX_AND_CONTINUE = NO;
				GCC_MODEL_TUNING = G5;
				INSTALL_PATH = /usr/local/lib;
				PREBINDING = NO;
				PRODUCT_NAME = waitress;
				ZERO_LINK = NO;
			};
			name = Release;
		};
		1E10572A119A6A34008CC292 /* Debug */ = {
			isa = XCBuildConfiguration;
			buildSettings = {
				ALWAYS_SEARCH_USER_PATHS = NO;
				COPY_PHASE_STRIP = NO;
				GCC_DYNAMIC_NO_PIC = NO;
				GCC_ENABLE_FIX_AND_CONTINUE = YES;
				GCC_MODEL_TUNING = G5;
				GCC_OPTIMIZATION_LEVEL = 0;
				HEADER_SEARCH_PATHS = (
					"$(SRCROOT)/libwaitress/src",
					"$(SRCROOT)/libezxml/src",
				);
				INSTALL_PATH = /usr/local/lib;
				PREBINDING = NO;
				PRODUCT_NAME = piano;
			};
			name = Debug;
		};
		1E10572B119A6A34008CC292 /* Release */ = {
			isa = XCBuildConfiguration;
			buildSettings = {
				ALWAYS_SEARCH_USER_PATHS = NO;
				COPY_PHASE_STRIP = YES;
				DEBUG_INFORMATION_FORMAT = "dwarf-with-dsym";
				GCC_ENABLE_FIX_AND_CONTINUE = NO;
				GCC_MODEL_TUNING = G5;
				HEADER_SEARCH_PATHS = (
					"$(SRCROOT)/libwaitress/src",
					"$(SRCROOT)/libezxml/src",
				);
				INSTALL_PATH = /usr/local/lib;
				PREBINDING = NO;
				PRODUCT_NAME = piano;
				ZERO_LINK = NO;
			};
			name = Release;
		};
		821DAF7D119C636000078BBF /* Debug */ = {
			isa = XCBuildConfiguration;
			buildSettings = {
				ALWAYS_SEARCH_USER_PATHS = NO;
				COPY_PHASE_STRIP = NO;
				DYLIB_COMPATIBILITY_VERSION = 1;
				DYLIB_CURRENT_VERSION = 1;
				FRAMEWORK_VERSION = A;
				GCC_DYNAMIC_NO_PIC = NO;
				GCC_ENABLE_FIX_AND_CONTINUE = YES;
				GCC_MODEL_TUNING = G5;
				GCC_OPTIMIZATION_LEVEL = 0;
				GCC_PRECOMPILE_PREFIX_HEADER = NO;
				GCC_PREFIX_HEADER = "";
				HEADER_SEARCH_PATHS = (
					"$(SRCROOT)/libwaitress/src",
					"$(SRCROOT)/libpiano/src",
				);
				INFOPLIST_FILE = "PianoBarFramework-Info.plist";
				INSTALL_PATH = "@loader_path/../Frameworks/${EXECUTABLE_PATH}";
				LD_DYLIB_INSTALL_NAME = "@loader_path/../Frameworks/${EXECUTABLE_PATH}";
				OTHER_LDFLAGS = (
					"-framework",
					Foundation,
					"-framework",
					AppKit,
				);
				PREBINDING = NO;
				PRODUCT_NAME = PianoBar;
			};
			name = Debug;
		};
		821DAF7E119C636000078BBF /* Release */ = {
			isa = XCBuildConfiguration;
			buildSettings = {
				ALWAYS_SEARCH_USER_PATHS = NO;
				COPY_PHASE_STRIP = YES;
				DEBUG_INFORMATION_FORMAT = "dwarf-with-dsym";
				DYLIB_COMPATIBILITY_VERSION = 1;
				DYLIB_CURRENT_VERSION = 1;
				FRAMEWORK_VERSION = A;
				GCC_ENABLE_FIX_AND_CONTINUE = NO;
				GCC_MODEL_TUNING = G5;
				GCC_PRECOMPILE_PREFIX_HEADER = YES;
				GCC_PREFIX_HEADER = "$(SYSTEM_LIBRARY_DIR)/Frameworks/AppKit.framework/Headers/AppKit.h";
				INFOPLIST_FILE = "PianoBarFramework-Info.plist";
				INSTALL_PATH = "$(HOME)/Library/Frameworks";
				OTHER_LDFLAGS = (
					"-framework",
					Foundation,
					"-framework",
					AppKit,
				);
				PREBINDING = NO;
				PRODUCT_NAME = PianoBarFramework;
				ZERO_LINK = NO;
			};
			name = Release;
		};
/* End XCBuildConfiguration section */

/* Begin XCConfigurationList section */
		1DEB928508733DD80010E9CD /* Build configuration list for PBXNativeTarget "pianobar" */ = {
			isa = XCConfigurationList;
			buildConfigurations = (
				1DEB928608733DD80010E9CD /* Debug */,
				1DEB928708733DD80010E9CD /* Release */,
			);
			defaultConfigurationIsVisible = 0;
			defaultConfigurationName = Release;
		};
		1DEB928908733DD80010E9CD /* Build configuration list for PBXProject "pianobar" */ = {
			isa = XCConfigurationList;
			buildConfigurations = (
				1DEB928A08733DD80010E9CD /* Debug */,
				1DEB928B08733DD80010E9CD /* Release */,
			);
			defaultConfigurationIsVisible = 0;
			defaultConfigurationName = Release;
		};
		1E105731119A6A45008CC292 /* Build configuration list for PBXNativeTarget "libezxml" */ = {
			isa = XCConfigurationList;
			buildConfigurations = (
				1E10571C119A6A25008CC292 /* Debug */,
				1E10571D119A6A25008CC292 /* Release */,
			);
			defaultConfigurationIsVisible = 0;
			defaultConfigurationName = Release;
		};
		1E105732119A6A45008CC292 /* Build configuration list for PBXNativeTarget "libwaitress" */ = {
			isa = XCConfigurationList;
			buildConfigurations = (
				1E105723119A6A2E008CC292 /* Debug */,
				1E105724119A6A2E008CC292 /* Release */,
			);
			defaultConfigurationIsVisible = 0;
			defaultConfigurationName = Release;
		};
		1E105733119A6A45008CC292 /* Build configuration list for PBXNativeTarget "libpiano" */ = {
			isa = XCConfigurationList;
			buildConfigurations = (
				1E10572A119A6A34008CC292 /* Debug */,
				1E10572B119A6A34008CC292 /* Release */,
			);
			defaultConfigurationIsVisible = 0;
			defaultConfigurationName = Release;
		};
		821DAF7F119C636000078BBF /* Build configuration list for PBXNativeTarget "PianoBarFramework" */ = {
			isa = XCConfigurationList;
			buildConfigurations = (
				821DAF7D119C636000078BBF /* Debug */,
				821DAF7E119C636000078BBF /* Release */,
			);
			defaultConfigurationIsVisible = 0;
			defaultConfigurationName = Release;
		};
/* End XCConfigurationList section */
	};
	rootObject = 08FB7793FE84155DC02AAC07 /* Project object */;
}
